// !$*UTF8*$!
{
	archiveVersion = 1;
	classes = {
	};
	objectVersion = 50;
	objects = {

/* Begin PBXBuildFile section */
		BC22905F24CB7C0A00F2C565 /* AppDelegate.swift in Sources */ = {isa = PBXBuildFile; fileRef = BC22905E24CB7C0A00F2C565 /* AppDelegate.swift */; };
		BC22906124CB7C0A00F2C565 /* SceneDelegate.swift in Sources */ = {isa = PBXBuildFile; fileRef = BC22906024CB7C0A00F2C565 /* SceneDelegate.swift */; };
		BC22906324CB7C0A00F2C565 /* ContentView.swift in Sources */ = {isa = PBXBuildFile; fileRef = BC22906224CB7C0A00F2C565 /* ContentView.swift */; };
		BC22906524CB7C0C00F2C565 /* Assets.xcassets in Resources */ = {isa = PBXBuildFile; fileRef = BC22906424CB7C0C00F2C565 /* Assets.xcassets */; };
		BC22906824CB7C0C00F2C565 /* Preview Assets.xcassets in Resources */ = {isa = PBXBuildFile; fileRef = BC22906724CB7C0C00F2C565 /* Preview Assets.xcassets */; };
		BC22906B24CB7C0C00F2C565 /* LaunchScreen.storyboard in Resources */ = {isa = PBXBuildFile; fileRef = BC22906924CB7C0C00F2C565 /* LaunchScreen.storyboard */; };
		BC22907324CB7D7600F2C565 /* RecordAnimatedButton.swift in Sources */ = {isa = PBXBuildFile; fileRef = BC22907224CB7D7600F2C565 /* RecordAnimatedButton.swift */; };
		BC22907524CB7E1600F2C565 /* ColorPalette.swift in Sources */ = {isa = PBXBuildFile; fileRef = BC22907424CB7E1600F2C565 /* ColorPalette.swift */; };
/* End PBXBuildFile section */

/* Begin PBXFileReference section */
		BC22905B24CB7C0A00F2C565 /* VoiceRecordAnimatedButton.app */ = {isa = PBXFileReference; explicitFileType = wrapper.application; includeInIndex = 0; path = VoiceRecordAnimatedButton.app; sourceTree = BUILT_PRODUCTS_DIR; };
		BC22905E24CB7C0A00F2C565 /* AppDelegate.swift */ = {isa = PBXFileReference; lastKnownFileType = sourcecode.swift; path = AppDelegate.swift; sourceTree = "<group>"; };
		BC22906024CB7C0A00F2C565 /* SceneDelegate.swift */ = {isa = PBXFileReference; lastKnownFileType = sourcecode.swift; path = SceneDelegate.swift; sourceTree = "<group>"; };
		BC22906224CB7C0A00F2C565 /* ContentView.swift */ = {isa = PBXFileReference; lastKnownFileType = sourcecode.swift; path = ContentView.swift; sourceTree = "<group>"; };
		BC22906424CB7C0C00F2C565 /* Assets.xcassets */ = {isa = PBXFileReference; lastKnownFileType = folder.assetcatalog; path = Assets.xcassets; sourceTree = "<group>"; };
		BC22906724CB7C0C00F2C565 /* Preview Assets.xcassets */ = {isa = PBXFileReference; lastKnownFileType = folder.assetcatalog; path = "Preview Assets.xcassets"; sourceTree = "<group>"; };
		BC22906A24CB7C0C00F2C565 /* Base */ = {isa = PBXFileReference; lastKnownFileType = file.storyboard; name = Base; path = Base.lproj/LaunchScreen.storyboard; sourceTree = "<group>"; };
		BC22906C24CB7C0C00F2C565 /* Info.plist */ = {isa = PBXFileReference; lastKnownFileType = text.plist.xml; path = Info.plist; sourceTree = "<group>"; };
		BC22907224CB7D7600F2C565 /* RecordAnimatedButton.swift */ = {isa = PBXFileReference; lastKnownFileType = sourcecode.swift; path = RecordAnimatedButton.swift; sourceTree = "<group>"; };
		BC22907424CB7E1600F2C565 /* ColorPalette.swift */ = {isa = PBXFileReference; fileEncoding = 4; lastKnownFileType = sourcecode.swift; path = ColorPalette.swift; sourceTree = "<group>"; };
/* End PBXFileReference section */

/* Begin PBXFrameworksBuildPhase section */
		BC22905824CB7C0A00F2C565 /* Frameworks */ = {
			isa = PBXFrameworksBuildPhase;
			buildActionMask = 2147483647;
			files = (
			);
			runOnlyForDeploymentPostprocessing = 0;
		};
/* End PBXFrameworksBuildPhase section */

/* Begin PBXGroup section */
		BC22905224CB7C0A00F2C565 = {
			isa = PBXGroup;
			children = (
				BC22905D24CB7C0A00F2C565 /* VoiceRecordAnimatedButton */,
				BC22905C24CB7C0A00F2C565 /* Products */,
			);
			sourceTree = "<group>";
		};
		BC22905C24CB7C0A00F2C565 /* Products */ = {
			isa = PBXGroup;
			children = (
				BC22905B24CB7C0A00F2C565 /* VoiceRecordAnimatedButton.app */,
			);
			name = Products;
			sourceTree = "<group>";
		};
		BC22905D24CB7C0A00F2C565 /* VoiceRecordAnimatedButton */ = {
			isa = PBXGroup;
			children = (
				BC22905E24CB7C0A00F2C565 /* AppDelegate.swift */,
				BC22906024CB7C0A00F2C565 /* SceneDelegate.swift */,
				BC22907424CB7E1600F2C565 /* ColorPalette.swift */,
				BC22906224CB7C0A00F2C565 /* ContentView.swift */,
				BC22907224CB7D7600F2C565 /* RecordAnimatedButton.swift */,
				BC22906424CB7C0C00F2C565 /* Assets.xcassets */,
				BC22906924CB7C0C00F2C565 /* LaunchScreen.storyboard */,
				BC22906C24CB7C0C00F2C565 /* Info.plist */,
				BC22906624CB7C0C00F2C565 /* Preview Content */,
			);
			path = VoiceRecordAnimatedButton;
			sourceTree = "<group>";
		};
		BC22906624CB7C0C00F2C565 /* Preview Content */ = {
			isa = PBXGroup;
			children = (
				BC22906724CB7C0C00F2C565 /* Preview Assets.xcassets */,
			);
			path = "Preview Content";
			sourceTree = "<group>";
		};
/* End PBXGroup section */

/* Begin PBXNativeTarget section */
		BC22905A24CB7C0A00F2C565 /* VoiceRecordAnimatedButton */ = {
			isa = PBXNativeTarget;
			buildConfigurationList = BC22906F24CB7C0C00F2C565 /* Build configuration list for PBXNativeTarget "VoiceRecordAnimatedButton" */;
			buildPhases = (
				BC22905724CB7C0A00F2C565 /* Sources */,
				BC22905824CB7C0A00F2C565 /* Frameworks */,
				BC22905924CB7C0A00F2C565 /* Resources */,
			);
			buildRules = (
			);
			dependencies = (
			);
			name = VoiceRecordAnimatedButton;
			productName = VoiceRecordAnimatedButton;
			productReference = BC22905B24CB7C0A00F2C565 /* VoiceRecordAnimatedButton.app */;
			productType = "com.apple.product-type.application";
		};
/* End PBXNativeTarget section */

/* Begin PBXProject section */
		BC22905324CB7C0A00F2C565 /* Project object */ = {
			isa = PBXProject;
			attributes = {
				LastSwiftUpdateCheck = 1160;
				LastUpgradeCheck = 1160;
				ORGANIZATIONNAME = "Ashish Prajapati";
				TargetAttributes = {
					BC22905A24CB7C0A00F2C565 = {
						CreatedOnToolsVersion = 11.6;
					};
				};
			};
			buildConfigurationList = BC22905624CB7C0A00F2C565 /* Build configuration list for PBXProject "VoiceRecordAnimatedButton" */;
			compatibilityVersion = "Xcode 9.3";
			developmentRegion = en;
			hasScannedForEncodings = 0;
			knownRegions = (
				en,
				Base,
			);
			mainGroup = BC22905224CB7C0A00F2C565;
			productRefGroup = BC22905C24CB7C0A00F2C565 /* Products */;
			projectDirPath = "";
			projectRoot = "";
			targets = (
				BC22905A24CB7C0A00F2C565 /* VoiceRecordAnimatedButton */,
			);
		};
/* End PBXProject section */

/* Begin PBXResourcesBuildPhase section */
		BC22905924CB7C0A00F2C565 /* Resources */ = {
			isa = PBXResourcesBuildPhase;
			buildActionMask = 2147483647;
			files = (
				BC22906B24CB7C0C00F2C565 /* LaunchScreen.storyboard in Resources */,
				BC22906824CB7C0C00F2C565 /* Preview Assets.xcassets in Resources */,
				BC22906524CB7C0C00F2C565 /* Assets.xcassets in Resources */,
			);
			runOnlyForDeploymentPostprocessing = 0;
		};
/* End PBXResourcesBuildPhase section */

/* Begin PBXSourcesBuildPhase section */
		BC22905724CB7C0A00F2C565 /* Sources */ = {
			isa = PBXSourcesBuildPhase;
			buildActionMask = 2147483647;
			files = (
				BC22907524CB7E1600F2C565 /* ColorPalette.swift in Sources */,
				BC22905F24CB7C0A00F2C565 /* AppDelegate.swift in Sources */,
				BC22906124CB7C0A00F2C565 /* SceneDelegate.swift in Sources */,
				BC22906324CB7C0A00F2C565 /* ContentView.swift in Sources */,
				BC22907324CB7D7600F2C565 /* RecordAnimatedButton.swift in Sources */,
			);
			runOnlyForDeploymentPostprocessing = 0;
		};
/* End PBXSourcesBuildPhase section */

/* Begin PBXVariantGroup section */
		BC22906924CB7C0C00F2C565 /* LaunchScreen.storyboard */ = {
			isa = PBXVariantGroup;
			children = (
				BC22906A24CB7C0C00F2C565 /* Base */,
			);
			name = LaunchScreen.storyboard;
			sourceTree = "<group>";
		};
/* End PBXVariantGroup section */

/* Begin XCBuildConfiguration section */
		BC22906D24CB7C0C00F2C565 /* Debug */ = {
			isa = XCBuildConfiguration;
			buildSettings = {
				ALWAYS_SEARCH_USER_PATHS = NO;
				CLANG_ANALYZER_NONNULL = YES;
				CLANG_ANALYZER_NUMBER_OBJECT_CONVERSION = YES_AGGRESSIVE;
				CLANG_CXX_LANGUAGE_STANDARD = "gnu++14";
				CLANG_CXX_LIBRARY = "libc++";
				CLANG_ENABLE_MODULES = YES;
				CLANG_ENABLE_OBJC_ARC = YES;
				CLANG_ENABLE_OBJC_WEAK = YES;
				CLANG_WARN_BLOCK_CAPTURE_AUTORELEASING = YES;
				CLANG_WARN_BOOL_CONVERSION = YES;
				CLANG_WARN_COMMA = YES;
				CLANG_WARN_CONSTANT_CONVERSION = YES;
				CLANG_WARN_DEPRECATED_OBJC_IMPLEMENTATIONS = YES;
				CLANG_WARN_DIRECT_OBJC_ISA_USAGE = YES_ERROR;
				CLANG_WARN_DOCUMENTATION_COMMENTS = YES;
				CLANG_WARN_EMPTY_BODY = YES;
				CLANG_WARN_ENUM_CONVERSION = YES;
				CLANG_WARN_INFINITE_RECURSION = YES;
				CLANG_WARN_INT_CONVERSION = YES;
				CLANG_WARN_NON_LITERAL_NULL_CONVERSION = YES;
				CLANG_WARN_OBJC_IMPLICIT_RETAIN_SELF = YES;
				CLANG_WARN_OBJC_LITERAL_CONVERSION = YES;
				CLANG_WARN_OBJC_ROOT_CLASS = YES_ERROR;
				CLANG_WARN_RANGE_LOOP_ANALYSIS = YES;
				CLANG_WARN_STRICT_PROTOTYPES = YES;
				CLANG_WARN_SUSPICIOUS_MOVE = YES;
				CLANG_WARN_UNGUARDED_AVAILABILITY = YES_AGGRESSIVE;
				CLANG_WARN_UNREACHABLE_CODE = YES;
				CLANG_WARN__DUPLICATE_METHOD_MATCH = YES;
				COPY_PHASE_STRIP = NO;
				DEBUG_INFORMATION_FORMAT = dwarf;
				ENABLE_STRICT_OBJC_MSGSEND = YES;
				ENABLE_TESTABILITY = YES;
				GCC_C_LANGUAGE_STANDARD = gnu11;
				GCC_DYNAMIC_NO_PIC = NO;
				GCC_NO_COMMON_BLOCKS = YES;
				GCC_OPTIMIZATION_LEVEL = 0;
				GCC_PREPROCESSOR_DEFINITIONS = (
					"DEBUG=1",
					"$(inherited)",
				);
				GCC_WARN_64_TO_32_BIT_CONVERSION = YES;
				GCC_WARN_ABOUT_RETURN_TYPE = YES_ERROR;
				GCC_WARN_UNDECLARED_SELECTOR = YES;
				GCC_WARN_UNINITIALIZED_AUTOS = YES_AGGRESSIVE;
				GCC_WARN_UNUSED_FUNCTION = YES;
				GCC_WARN_UNUSED_VARIABLE = YES;
				IPHONEOS_DEPLOYMENT_TARGET = 13.6;
				MTL_ENABLE_DEBUG_INFO = INCLUDE_SOURCE;
				MTL_FAST_MATH = YES;
				ONLY_ACTIVE_ARCH = YES;
				SDKROOT = iphoneos;
				SWIFT_ACTIVE_COMPILATION_CONDITIONS = DEBUG;
				SWIFT_OPTIMIZATION_LEVEL = "-Onone";
			};
			name = Debug;
		};
		BC22906E24CB7C0C00F2C565 /* Release */ = {
			isa = XCBuildConfiguration;
			buildSettings = {
				ALWAYS_SEARCH_USER_PATHS = NO;
				CLANG_ANALYZER_NONNULL = YES;
				CLANG_ANALYZER_NUMBER_OBJECT_CONVERSION = YES_AGGRESSIVE;
				CLANG_CXX_LANGUAGE_STANDARD = "gnu++14";
				CLANG_CXX_LIBRARY = "libc++";
				CLANG_ENABLE_MODULES = YES;
				CLANG_ENABLE_OBJC_ARC = YES;
				CLANG_ENABLE_OBJC_WEAK = YES;
				CLANG_WARN_BLOCK_CAPTURE_AUTORELEASING = YES;
				CLANG_WARN_BOOL_CONVERSION = YES;
				CLANG_WARN_COMMA = YES;
				CLANG_WARN_CONSTANT_CONVERSION = YES;
				CLANG_WARN_DEPRECATED_OBJC_IMPLEMENTATIONS = YES;
				CLANG_WARN_DIRECT_OBJC_ISA_USAGE = YES_ERROR;
				CLANG_WARN_DOCUMENTATION_COMMENTS = YES;
				CLANG_WARN_EMPTY_BODY = YES;
				CLANG_WARN_ENUM_CONVERSION = YES;
				CLANG_WARN_INFINITE_RECURSION = YES;
				CLANG_WARN_INT_CONVERSION = YES;
				CLANG_WARN_NON_LITERAL_NULL_CONVERSION = YES;
				CLANG_WARN_OBJC_IMPLICIT_RETAIN_SELF = YES;
				CLANG_WARN_OBJC_LITERAL_CONVERSION = YES;
				CLANG_WARN_OBJC_ROOT_CLASS = YES_ERROR;
				CLANG_WARN_RANGE_LOOP_ANALYSIS = YES;
				CLANG_WARN_STRICT_PROTOTYPES = YES;
				CLANG_WARN_SUSPICIOUS_MOVE = YES;
				CLANG_WARN_UNGUARDED_AVAILABILITY = YES_AGGRESSIVE;
				CLANG_WARN_UNREACHABLE_CODE = YES;
				CLANG_WARN__DUPLICATE_METHOD_MATCH = YES;
				COPY_PHASE_STRIP = NO;
				DEBUG_INFORMATION_FORMAT = "dwarf-with-dsym";
				ENABLE_NS_ASSERTIONS = NO;
				ENABLE_STRICT_OBJC_MSGSEND = YES;
				GCC_C_LANGUAGE_STANDARD = gnu11;
				GCC_NO_COMMON_BLOCKS = YES;
				GCC_WARN_64_TO_32_BIT_CONVERSION = YES;
				GCC_WARN_ABOUT_RETURN_TYPE = YES_ERROR;
				GCC_WARN_UNDECLARED_SELECTOR = YES;
				GCC_WARN_UNINITIALIZED_AUTOS = YES_AGGRESSIVE;
				GCC_WARN_UNUSED_FUNCTION = YES;
				GCC_WARN_UNUSED_VARIABLE = YES;
				IPHONEOS_DEPLOYMENT_TARGET = 13.6;
				MTL_ENABLE_DEBUG_INFO = NO;
				MTL_FAST_MATH = YES;
				SDKROOT = iphoneos;
				SWIFT_COMPILATION_MODE = wholemodule;
				SWIFT_OPTIMIZATION_LEVEL = "-O";
				VALIDATE_PRODUCT = YES;
			};
			name = Release;
		};
		BC22907024CB7C0C00F2C565 /* Debug */ = {
			isa = XCBuildConfiguration;
			buildSettings = {
				ASSETCATALOG_COMPILER_APPICON_NAME = AppIcon;
				CODE_SIGN_STYLE = Automatic;
				DEVELOPMENT_ASSET_PATHS = "\"VoiceRecordAnimatedButton/Preview Content\"";
				DEVELOPMENT_TEAM = FAMD2524HR;
				ENABLE_PREVIEWS = YES;
				INFOPLIST_FILE = VoiceRecordAnimatedButton/Info.plist;
				LD_RUNPATH_SEARCH_PATHS = (
					"$(inherited)",
					"@executable_path/Frameworks",
				);
				PRODUCT_BUNDLE_IDENTIFIER = com.volansys.VoiceRecordAnimatedButton;
				PRODUCT_NAME = "$(TARGET_NAME)";
				SWIFT_VERSION = 5.0;
				TARGETED_DEVICE_FAMILY = "1,2";
			};
			name = Debug;
		};
		BC22907124CB7C0C00F2C565 /* Release */ = {
			isa = XCBuildConfiguration;
			buildSettings = {
				ASSETCATALOG_COMPILER_APPICON_NAME = AppIcon;
				CODE_SIGN_STYLE = Automatic;
				DEVELOPMENT_ASSET_PATHS = "\"VoiceRecordAnimatedButton/Preview Content\"";
				DEVELOPMENT_TEAM = FAMD2524HR;
				ENABLE_PREVIEWS = YES;
				INFOPLIST_FILE = VoiceRecordAnimatedButton/Info.plist;
				LD_RUNPATH_SEARCH_PATHS = (
					"$(inherited)",
					"@executable_path/Frameworks",
				);
				PRODUCT_BUNDLE_IDENTIFIER = com.volansys.VoiceRecordAnimatedButton;
				PRODUCT_NAME = "$(TARGET_NAME)";
				SWIFT_VERSION = 5.0;
				TARGETED_DEVICE_FAMILY = "1,2";
			};
			name = Release;
		};
/* End XCBuildConfiguration section */

/* Begin XCConfigurationList section */
		BC22905624CB7C0A00F2C565 /* Build configuration list for PBXProject "VoiceRecordAnimatedButton" */ = {
			isa = XCConfigurationList;
			buildConfigurations = (
				BC22906D24CB7C0C00F2C565 /* Debug */,
				BC22906E24CB7C0C00F2C565 /* Release */,
			);
			defaultConfigurationIsVisible = 0;
			defaultConfigurationName = Release;
		};
		BC22906F24CB7C0C00F2C565 /* Build configuration list for PBXNativeTarget "VoiceRecordAnimatedButton" */ = {
			isa = XCConfigurationList;
			buildConfigurations = (
				BC22907024CB7C0C00F2C565 /* Debug */,
				BC22907124CB7C0C00F2C565 /* Release */,
			);
			defaultConfigurationIsVisible = 0;
			defaultConfigurationName = Release;
		};
/* End XCConfigurationList section */
	};
	rootObject = BC22905324CB7C0A00F2C565 /* Project object */;
}
